<?xml version="1.0" encoding="utf-8"?>
<Project ToolsVersion="4.0" xmlns="http://schemas.microsoft.com/developer/msbuild/2003">
  <ItemGroup>
    <Filter Include="Hardware">
      <UniqueIdentifier>{8ce547fe-c3c2-473d-81c2-7ff35cb83cf6}</UniqueIdentifier>
    </Filter>
    <Filter Include="ImGui">
      <UniqueIdentifier>{815066dd-8137-4f6c-a7a7-3368f585361a}</UniqueIdentifier>
    </Filter>
    <Filter Include="Engine">
      <UniqueIdentifier>{c28a9f75-269d-4993-a76c-b85d3f797d3e}</UniqueIdentifier>
    </Filter>
  </ItemGroup>
  <ItemGroup>
    <ClCompile Include="sources\Cpu.cpp">
      <Filter>Hardware</Filter>
    </ClCompile>
    <ClCompile Include="sources\Bus.cpp">
      <Filter>Hardware</Filter>
    </ClCompile>
    <ClCompile Include="sources\NES.cpp">
      <Filter>Hardware</Filter>
    </ClCompile>
    <ClCompile Include="sources\imgui\imgui.cpp">
      <Filter>ImGui</Filter>
    </ClCompile>
    <ClCompile Include="sources\imgui\imgui_demo.cpp">
      <Filter>ImGui</Filter>
    </ClCompile>
    <ClCompile Include="sources\imgui\imgui_draw.cpp">
      <Filter>ImGui</Filter>
    </ClCompile>
    <ClCompile Include="sources\imgui\imgui_impl_dx11.cpp">
      <Filter>ImGui</Filter>
    </ClCompile>
    <ClCompile Include="sources\imgui\imgui_impl_win32.cpp">
      <Filter>ImGui</Filter>
    </ClCompile>
    <ClCompile Include="sources\imgui\imgui_widgets.cpp">
      <Filter>ImGui</Filter>
    </ClCompile>
    <ClCompile Include="sources\Main.cpp" />
    <ClCompile Include="sources\Visualizer.cpp" />
  </ItemGroup>
  <ItemGroup>
    <None Include="sources\engine\ps.cso">
      <Filter>Engine</Filter>
    </None>
    <None Include="sources\engine\vs.cso">
      <Filter>Engine</Filter>
    </None>
  </ItemGroup>
  <ItemGroup>
    <ClInclude Include="sources\imgui\imconfig.h">
      <Filter>ImGui</Filter>
    </ClInclude>
    <ClInclude Include="sources\imgui\imgui.h">
      <Filter>ImGui</Filter>
    </ClInclude>
    <ClInclude Include="sources\imgui\imgui_impl_dx11.h">
      <Filter>ImGui</Filter>
    </ClInclude>
    <ClInclude Include="sources\imgui\imgui_impl_win32.h">
      <Filter>ImGui</Filter>
    </ClInclude>
    <ClInclude Include="sources\imgui\imgui_internal.h">
      <Filter>ImGui</Filter>
    </ClInclude>
    <ClInclude Include="sources\imgui\imstb_rectpack.h">
      <Filter>ImGui</Filter>
    </ClInclude>
    <ClInclude Include="sources\imgui\imstb_textedit.h">
      <Filter>ImGui</Filter>
    </ClInclude>
    <ClInclude Include="sources\imgui\imstb_truetype.h">
      <Filter>ImGui</Filter>
    </ClInclude>
    <ClInclude Include="sources\Bus.h">
      <Filter>Hardware</Filter>
    </ClInclude>
    <ClInclude Include="sources\Cpu.h">
      <Filter>Hardware</Filter>
    </ClInclude>
    <ClInclude Include="sources\NES.h">
      <Filter>Hardware</Filter>
    </ClInclude>
    <ClInclude Include="sources\engine\tPixelGameEngine.h">
      <Filter>Engine</Filter>
    </ClInclude>
    <ClInclude Include="sources\Visualizer.h" />
  </ItemGroup>
</Project>